
Microsoft Visual Studio Solution File, Format Version 12.00
# Visual Studio Version 17
VisualStudioVersion = 17.10.34928.147
MinimumVisualStudioVersion = 10.0.40219.1
Project("{FAE04EC0-301F-11D3-BF4B-00C04F79EFBC}") = "GestorDelal", "GestorDelal\GestorDelal.csproj", "{3B40223E-A340-42E5-8E86-F284B7BC35F5}"
EndProject
Project("{FAE04EC0-301F-11D3-BF4B-00C04F79EFBC}") = "BussinessLogic", "BussinessLogic\BussinessLogic.csproj", "{A8F5DB98-D33E-4E1A-95AC-2484419587A7}"
EndProject
Project("{FAE04EC0-301F-11D3-BF4B-00C04F79EFBC}") = "Models", "Models\Models.csproj", "{12658F5F-4234-4B72-A7A2-0ACE5524F8B7}"
EndProject
Global
	GlobalSection(SolutionConfigurationPlatforms) = preSolution
		Debug|Any CPU = Debug|Any CPU
		Release|Any CPU = Release|Any CPU
	EndGlobalSection
	GlobalSection(ProjectConfigurationPlatforms) = postSolution
		{3B40223E-A340-42E5-8E86-F284B7BC35F5}.Debug|Any CPU.ActiveCfg = Debug|Any CPU
		{3B40223E-A340-42E5-8E86-F284B7BC35F5}.Debug|Any CPU.Build.0 = Debug|Any CPU
		{3B40223E-A340-42E5-8E86-F284B7BC35F5}.Release|Any CPU.ActiveCfg = Release|Any CPU
		{3B40223E-A340-42E5-8E86-F284B7BC35F5}.Release|Any CPU.Build.0 = Release|Any CPU
		{A8F5DB98-D33E-4E1A-95AC-2484419587A7}.Debug|Any CPU.ActiveCfg = Debug|Any CPU
		{A8F5DB98-D33E-4E1A-95AC-2484419587A7}.Debug|Any CPU.Build.0 = Debug|Any CPU
		{A8F5DB98-D33E-4E1A-95AC-2484419587A7}.Release|Any CPU.ActiveCfg = Release|Any CPU
		{A8F5DB98-D33E-4E1A-95AC-2484419587A7}.Release|Any CPU.Build.0 = Release|Any CPU
		{12658F5F-4234-4B72-A7A2-0ACE5524F8B7}.Debug|Any CPU.ActiveCfg = Debug|Any CPU
		{12658F5F-4234-4B72-A7A2-0ACE5524F8B7}.Debug|Any CPU.Build.0 = Debug|Any CPU
		{12658F5F-4234-4B72-A7A2-0ACE5524F8B7}.Release|Any CPU.ActiveCfg = Release|Any CPU
		{12658F5F-4234-4B72-A7A2-0ACE5524F8B7}.Release|Any CPU.Build.0 = Release|Any CPU
	EndGlobalSection
	GlobalSection(SolutionProperties) = preSolution
		HideSolutionNode = FALSE
	EndGlobalSection
	GlobalSection(ExtensibilityGlobals) = postSolution
		SolutionGuid = {0F2F8482-5726-42F2-BC90-CBEA433C4052}
	EndGlobalSection
EndGlobal
